
Microsoft Visual Studio Solution File, Format Version 12.00
# Visual Studio Version 17
VisualStudioVersion = 17.4.33110.190
MinimumVisualStudioVersion = 10.0.40219.1
Project("{FAE04EC0-301F-11D3-BF4B-00C04F79EFBC}") = "HW1", "HW1.csproj", "{C49D2071-64AD-4151-9E0D-B87F3371806D}"
EndProject
Global
	GlobalSection(SolutionConfigurationPlatforms) = preSolution
		Debug|Any CPU = Debug|Any CPU
		Release|Any CPU = Release|Any CPU
	EndGlobalSection
	GlobalSection(ProjectConfigurationPlatforms) = postSolution
		{C49D2071-64AD-4151-9E0D-B87F3371806D}.Debug|Any CPU.ActiveCfg = Debug|Any CPU
		{C49D2071-64AD-4151-9E0D-B87F3371806D}.Debug|Any CPU.Build.0 = Debug|Any CPU
		{C49D2071-64AD-4151-9E0D-B87F3371806D}.Release|Any CPU.ActiveCfg = Release|Any CPU
		{C49D2071-64AD-4151-9E0D-B87F3371806D}.Release|Any CPU.Build.0 = Release|Any CPU
	EndGlobalSection
	GlobalSection(SolutionProperties) = preSolution
		HideSolutionNode = FALSE
	EndGlobalSection
	GlobalSection(ExtensibilityGlobals) = postSolution
		SolutionGuid = {F6D54A38-D0AD-4C6A-BCD7-C310C320DE69}
	EndGlobalSection
EndGlobal
